schema: '2.0'
stages:
  data_ingestion:
    cmd: python src/deepClassifier/pipeline/stage_01_data_ingestion.py
    deps:
    - path: configs/config.yaml
      md5: bd35717296e3468871296f47e870d844
      size: 834
    - path: src/deepClassifier/pipeline/stage_01_data_ingestion.py
      md5: 088e3e32cca51063970aa92c24d9156a
      size: 705
    outs:
    - path: artifacts/data_ingestion/PetImages
      md5: 3a5cf86541f22c236620ce5b952ad684.dir
      size: 848866410
      nfiles: 24998
  prepare_base_model:
    cmd: python src/deepClassifier/pipeline/stage_02_prepare_base_model.py
    deps:
    - path: configs/config.yaml
      md5: bd35717296e3468871296f47e870d844
      size: 834
    - path: src/deepClassifier/pipeline/stage_02_prepare_base_model.py
      md5: f95c361af38e75e29e15e3cff70258fa
      size: 743
    params:
      params.yaml:
        CLASSES: 2
        IMAGE_SIZE:
        - 224
        - 224
        - 3
        INCLUDE_TOP: false
        LEARNING_RATE: 0.01
        WEIGHTS: imagenet
    outs:
    - path: artifacts/prepare_base_model
      md5: 57361419605af0be762e395bbfe42673.dir
      size: 118053368
      nfiles: 2
  training:
    cmd: python src/deepClassifier/pipeline/stage_03_training.py
    deps:
    - path: artifacts/data_ingestion/PetImages
      md5: 3a5cf86541f22c236620ce5b952ad684.dir
      size: 848866410
      nfiles: 24998
    - path: artifacts/prepare_base_model
      md5: 57361419605af0be762e395bbfe42673.dir
      size: 118053368
      nfiles: 2
    - path: configs/config.yaml
      md5: bd35717296e3468871296f47e870d844
      size: 834
    - path: src/deepClassifier/components/prepare_callback.py
      md5: 3e4440e3077fb953f6f5f63928ae802a
      size: 903
    - path: src/deepClassifier/pipeline/stage_03_training.py
      md5: cbd53ec9d1fe1a97cdaef2cd7b626a6d
      size: 934
    params:
      params.yaml:
        AUGMENTATION: true
        BATCH_SIZE: 16
        EPOCHS: 1
        IMAGE_SIZE:
        - 224
        - 224
        - 3
        WEIGHTS: imagenet
    outs:
    - path: artifacts/training/model.h5
      md5: 741fb0a83b940d827cb5cac9937bb00b
      size: 59135136
  evaluation:
    cmd: python src/deepClassifier/pipeline/stage_04_evaluation.py
    deps:
    - path: artifacts/data_ingestion/PetImages
      md5: 3a5cf86541f22c236620ce5b952ad684.dir
      size: 848866410
      nfiles: 24998
    - path: artifacts/training/model.h5
      md5: 741fb0a83b940d827cb5cac9937bb00b
      size: 59135136
    - path: configs/config.yaml
      md5: bd35717296e3468871296f47e870d844
      size: 834
    - path: src/deepClassifier/pipeline/stage_04_evaluation.py
      md5: b999ea1c1692a1c6a46933ff696639fe
      size: 714
    params:
      params.yaml:
        BATCH_SIZE: 16
        IMAGE_SIZE:
        - 224
        - 224
        - 3
    outs:
    - path: scores.json
      md5: b01689af241a4b99bdfcbddd73d3a130
      size: 73
